
Microsoft Visual Studio Solution File, Format Version 12.00
# Visual Studio Version 17
VisualStudioVersion = 17.11.35312.102
MinimumVisualStudioVersion = 10.0.40219.1
Project("{FAE04EC0-301F-11D3-BF4B-00C04F79EFBC}") = "UserIdentity", "UserIdentity\UserIdentity.csproj", "{84988B3E-745E-4463-8595-A8FA616A5638}"
EndProject
Global
	GlobalSection(SolutionConfigurationPlatforms) = preSolution
		Debug|Any CPU = Debug|Any CPU
		Release|Any CPU = Release|Any CPU
	EndGlobalSection
	GlobalSection(ProjectConfigurationPlatforms) = postSolution
		{84988B3E-745E-4463-8595-A8FA616A5638}.Debug|Any CPU.ActiveCfg = Debug|Any CPU
		{84988B3E-745E-4463-8595-A8FA616A5638}.Debug|Any CPU.Build.0 = Debug|Any CPU
		{84988B3E-745E-4463-8595-A8FA616A5638}.Release|Any CPU.ActiveCfg = Release|Any CPU
		{84988B3E-745E-4463-8595-A8FA616A5638}.Release|Any CPU.Build.0 = Release|Any CPU
	EndGlobalSection
	GlobalSection(SolutionProperties) = preSolution
		HideSolutionNode = FALSE
	EndGlobalSection
	GlobalSection(ExtensibilityGlobals) = postSolution
		SolutionGuid = {3253D151-92AC-4D7D-B565-CFBCAA9F8EC6}
	EndGlobalSection
EndGlobal
